
Microsoft Visual Studio Solution File, Format Version 12.00
# Visual Studio 15
VisualStudioVersion = 15.0.28010.2003
MinimumVisualStudioVersion = 10.0.40219.1
Project("{9A19103F-16F7-4668-BE54-9A1E7A4F7556}") = "SCEPrototype", "SCEPrototype\SCEPrototype\SCEPrototype.csproj", "{DF35AF58-3817-4B65-B471-4CE83B1ED57A}"
EndProject
Project("{FAE04EC0-301F-11D3-BF4B-00C04F79EFBC}") = "SCEPrototype.Android", "SCEPrototype\SCEPrototype.Android\SCEPrototype.Android.csproj", "{C44BBCA0-A369-49FB-A825-EEA84C241063}"
EndProject
Project("{FAE04EC0-301F-11D3-BF4B-00C04F79EFBC}") = "SCEPrototype.iOS", "SCEPrototype\SCEPrototype.iOS\SCEPrototype.iOS.csproj", "{F4CE78FA-813F-4063-BDC8-E34EA5D8468F}"
EndProject
Project("{FAE04EC0-301F-11D3-BF4B-00C04F79EFBC}") = "SCEPrototype.UWP", "SCEPrototype\SCEPrototype.UWP\SCEPrototype.UWP.csproj", "{B6F19B40-4E7C-4F50-8C21-987E9EE301DF}"
EndProject
Global
	GlobalSection(SolutionConfigurationPlatforms) = preSolution
		Ad-Hoc|Any CPU = Ad-Hoc|Any CPU
		Ad-Hoc|ARM = Ad-Hoc|ARM
		Ad-Hoc|iPhone = Ad-Hoc|iPhone
		Ad-Hoc|iPhoneSimulator = Ad-Hoc|iPhoneSimulator
		Ad-Hoc|x64 = Ad-Hoc|x64
		Ad-Hoc|x86 = Ad-Hoc|x86
		AppStore|Any CPU = AppStore|Any CPU
		AppStore|ARM = AppStore|ARM
		AppStore|iPhone = AppStore|iPhone
		AppStore|iPhoneSimulator = AppStore|iPhoneSimulator
		AppStore|x64 = AppStore|x64
		AppStore|x86 = AppStore|x86
		Debug|Any CPU = Debug|Any CPU
		Debug|ARM = Debug|ARM
		Debug|iPhone = Debug|iPhone
		Debug|iPhoneSimulator = Debug|iPhoneSimulator
		Debug|x64 = Debug|x64
		Debug|x86 = Debug|x86
		Release|Any CPU = Release|Any CPU
		Release|ARM = Release|ARM
		Release|iPhone = Release|iPhone
		Release|iPhoneSimulator = Release|iPhoneSimulator
		Release|x64 = Release|x64
		Release|x86 = Release|x86
	EndGlobalSection
	GlobalSection(ProjectConfigurationPlatforms) = postSolution
		{DF35AF58-3817-4B65-B471-4CE83B1ED57A}.Ad-Hoc|Any CPU.ActiveCfg = Debug|Any CPU
		{DF35AF58-3817-4B65-B471-4CE83B1ED57A}.Ad-Hoc|Any CPU.Build.0 = Debug|Any CPU
		{DF35AF58-3817-4B65-B471-4CE83B1ED57A}.Ad-Hoc|ARM.ActiveCfg = Debug|Any CPU
		{DF35AF58-3817-4B65-B471-4CE83B1ED57A}.Ad-Hoc|ARM.Build.0 = Debug|Any CPU
		{DF35AF58-3817-4B65-B471-4CE83B1ED57A}.Ad-Hoc|iPhone.ActiveCfg = Debug|Any CPU
		{DF35AF58-3817-4B65-B471-4CE83B1ED57A}.Ad-Hoc|iPhone.Build.0 = Debug|Any CPU
		{DF35AF58-3817-4B65-B471-4CE83B1ED57A}.Ad-Hoc|iPhoneSimulator.ActiveCfg = Debug|Any CPU
		{DF35AF58-3817-4B65-B471-4CE83B1ED57A}.Ad-Hoc|iPhoneSimulator.Build.0 = Debug|Any CPU
		{DF35AF58-3817-4B65-B471-4CE83B1ED57A}.Ad-Hoc|x64.ActiveCfg = Debug|Any CPU
		{DF35AF58-3817-4B65-B471-4CE83B1ED57A}.Ad-Hoc|x64.Build.0 = Debug|Any CPU
		{DF35AF58-3817-4B65-B471-4CE83B1ED57A}.Ad-Hoc|x86.ActiveCfg = Debug|Any CPU
		{DF35AF58-3817-4B65-B471-4CE83B1ED57A}.Ad-Hoc|x86.Build.0 = Debug|Any CPU
		{DF35AF58-3817-4B65-B471-4CE83B1ED57A}.AppStore|Any CPU.ActiveCfg = Debug|Any CPU
		{DF35AF58-3817-4B65-B471-4CE83B1ED57A}.AppStore|Any CPU.Build.0 = Debug|Any CPU
		{DF35AF58-3817-4B65-B471-4CE83B1ED57A}.AppStore|ARM.ActiveCfg = Debug|Any CPU
		{DF35AF58-3817-4B65-B471-4CE83B1ED57A}.AppStore|ARM.Build.0 = Debug|Any CPU
		{DF35AF58-3817-4B65-B471-4CE83B1ED57A}.AppStore|iPhone.ActiveCfg = Debug|Any CPU
		{DF35AF58-3817-4B65-B471-4CE83B1ED57A}.AppStore|iPhone.Build.0 = Debug|Any CPU
		{DF35AF58-3817-4B65-B471-4CE83B1ED57A}.AppStore|iPhoneSimulator.ActiveCfg = Debug|Any CPU
		{DF35AF58-3817-4B65-B471-4CE83B1ED57A}.AppStore|iPhoneSimulator.Build.0 = Debug|Any CPU
		{DF35AF58-3817-4B65-B471-4CE83B1ED57A}.AppStore|x64.ActiveCfg = Debug|Any CPU
		{DF35AF58-3817-4B65-B471-4CE83B1ED57A}.AppStore|x64.Build.0 = Debug|Any CPU
		{DF35AF58-3817-4B65-B471-4CE83B1ED57A}.AppStore|x86.ActiveCfg = Debug|Any CPU
		{DF35AF58-3817-4B65-B471-4CE83B1ED57A}.AppStore|x86.Build.0 = Debug|Any CPU
		{DF35AF58-3817-4B65-B471-4CE83B1ED57A}.Debug|Any CPU.ActiveCfg = Debug|Any CPU
		{DF35AF58-3817-4B65-B471-4CE83B1ED57A}.Debug|Any CPU.Build.0 = Debug|Any CPU
		{DF35AF58-3817-4B65-B471-4CE83B1ED57A}.Debug|ARM.ActiveCfg = Debug|Any CPU
		{DF35AF58-3817-4B65-B471-4CE83B1ED57A}.Debug|ARM.Build.0 = Debug|Any CPU
		{DF35AF58-3817-4B65-B471-4CE83B1ED57A}.Debug|iPhone.ActiveCfg = Debug|Any CPU
		{DF35AF58-3817-4B65-B471-4CE83B1ED57A}.Debug|iPhone.Build.0 = Debug|Any CPU
		{DF35AF58-3817-4B65-B471-4CE83B1ED57A}.Debug|iPhoneSimulator.ActiveCfg = Debug|Any CPU
		{DF35AF58-3817-4B65-B471-4CE83B1ED57A}.Debug|iPhoneSimulator.Build.0 = Debug|Any CPU
		{DF35AF58-3817-4B65-B471-4CE83B1ED57A}.Debug|x64.ActiveCfg = Debug|Any CPU
		{DF35AF58-3817-4B65-B471-4CE83B1ED57A}.Debug|x64.Build.0 = Debug|Any CPU
		{DF35AF58-3817-4B65-B471-4CE83B1ED57A}.Debug|x86.ActiveCfg = Debug|Any CPU
		{DF35AF58-3817-4B65-B471-4CE83B1ED57A}.Debug|x86.Build.0 = Debug|Any CPU
		{DF35AF58-3817-4B65-B471-4CE83B1ED57A}.Release|Any CPU.ActiveCfg = Release|Any CPU
		{DF35AF58-3817-4B65-B471-4CE83B1ED57A}.Release|Any CPU.Build.0 = Release|Any CPU
		{DF35AF58-3817-4B65-B471-4CE83B1ED57A}.Release|ARM.ActiveCfg = Release|Any CPU
		{DF35AF58-3817-4B65-B471-4CE83B1ED57A}.Release|ARM.Build.0 = Release|Any CPU
		{DF35AF58-3817-4B65-B471-4CE83B1ED57A}.Release|iPhone.ActiveCfg = Release|Any CPU
		{DF35AF58-3817-4B65-B471-4CE83B1ED57A}.Release|iPhone.Build.0 = Release|Any CPU
		{DF35AF58-3817-4B65-B471-4CE83B1ED57A}.Release|iPhoneSimulator.ActiveCfg = Release|Any CPU
		{DF35AF58-3817-4B65-B471-4CE83B1ED57A}.Release|iPhoneSimulator.Build.0 = Release|Any CPU
		{DF35AF58-3817-4B65-B471-4CE83B1ED57A}.Release|x64.ActiveCfg = Release|Any CPU
		{DF35AF58-3817-4B65-B471-4CE83B1ED57A}.Release|x64.Build.0 = Release|Any CPU
		{DF35AF58-3817-4B65-B471-4CE83B1ED57A}.Release|x86.ActiveCfg = Release|Any CPU
		{DF35AF58-3817-4B65-B471-4CE83B1ED57A}.Release|x86.Build.0 = Release|Any CPU
		{C44BBCA0-A369-49FB-A825-EEA84C241063}.Ad-Hoc|Any CPU.ActiveCfg = Release|Any CPU
		{C44BBCA0-A369-49FB-A825-EEA84C241063}.Ad-Hoc|Any CPU.Build.0 = Release|Any CPU
		{C44BBCA0-A369-49FB-A825-EEA84C241063}.Ad-Hoc|Any CPU.Deploy.0 = Release|Any CPU
		{C44BBCA0-A369-49FB-A825-EEA84C241063}.Ad-Hoc|ARM.ActiveCfg = Release|Any CPU
		{C44BBCA0-A369-49FB-A825-EEA84C241063}.Ad-Hoc|ARM.Build.0 = Release|Any CPU
		{C44BBCA0-A369-49FB-A825-EEA84C241063}.Ad-Hoc|ARM.Deploy.0 = Release|Any CPU
		{C44BBCA0-A369-49FB-A825-EEA84C241063}.Ad-Hoc|iPhone.ActiveCfg = Release|Any CPU
		{C44BBCA0-A369-49FB-A825-EEA84C241063}.Ad-Hoc|iPhone.Build.0 = Release|Any CPU
		{C44BBCA0-A369-49FB-A825-EEA84C241063}.Ad-Hoc|iPhone.Deploy.0 = Release|Any CPU
		{C44BBCA0-A369-49FB-A825-EEA84C241063}.Ad-Hoc|iPhoneSimulator.ActiveCfg = Release|Any CPU
		{C44BBCA0-A369-49FB-A825-EEA84C241063}.Ad-Hoc|iPhoneSimulator.Build.0 = Release|Any CPU
		{C44BBCA0-A369-49FB-A825-EEA84C241063}.Ad-Hoc|iPhoneSimulator.Deploy.0 = Release|Any CPU
		{C44BBCA0-A369-49FB-A825-EEA84C241063}.Ad-Hoc|x64.ActiveCfg = Release|Any CPU
		{C44BBCA0-A369-49FB-A825-EEA84C241063}.Ad-Hoc|x64.Build.0 = Release|Any CPU
		{C44BBCA0-A369-49FB-A825-EEA84C241063}.Ad-Hoc|x64.Deploy.0 = Release|Any CPU
		{C44BBCA0-A369-49FB-A825-EEA84C241063}.Ad-Hoc|x86.ActiveCfg = Release|Any CPU
		{C44BBCA0-A369-49FB-A825-EEA84C241063}.Ad-Hoc|x86.Build.0 = Release|Any CPU
		{C44BBCA0-A369-49FB-A825-EEA84C241063}.Ad-Hoc|x86.Deploy.0 = Release|Any CPU
		{C44BBCA0-A369-49FB-A825-EEA84C241063}.AppStore|Any CPU.ActiveCfg = Release|Any CPU
		{C44BBCA0-A369-49FB-A825-EEA84C241063}.AppStore|Any CPU.Build.0 = Release|Any CPU
		{C44BBCA0-A369-49FB-A825-EEA84C241063}.AppStore|Any CPU.Deploy.0 = Release|Any CPU
		{C44BBCA0-A369-49FB-A825-EEA84C241063}.AppStore|ARM.ActiveCfg = Release|Any CPU
		{C44BBCA0-A369-49FB-A825-EEA84C241063}.AppStore|ARM.Build.0 = Release|Any CPU
		{C44BBCA0-A369-49FB-A825-EEA84C241063}.AppStore|ARM.Deploy.0 = Release|Any CPU
		{C44BBCA0-A369-49FB-A825-EEA84C241063}.AppStore|iPhone.ActiveCfg = Release|Any CPU
		{C44BBCA0-A369-49FB-A825-EEA84C241063}.AppStore|iPhone.Build.0 = Release|Any CPU
		{C44BBCA0-A369-49FB-A825-EEA84C241063}.AppStore|iPhone.Deploy.0 = Release|Any CPU
		{C44BBCA0-A369-49FB-A825-EEA84C241063}.AppStore|iPhoneSimulator.ActiveCfg = Release|Any CPU
		{C44BBCA0-A369-49FB-A825-EEA84C241063}.AppStore|iPhoneSimulator.Build.0 = Release|Any CPU
		{C44BBCA0-A369-49FB-A825-EEA84C241063}.AppStore|iPhoneSimulator.Deploy.0 = Release|Any CPU
		{C44BBCA0-A369-49FB-A825-EEA84C241063}.AppStore|x64.ActiveCfg = Release|Any CPU
		{C44BBCA0-A369-49FB-A825-EEA84C241063}.AppStore|x64.Build.0 = Release|Any CPU
		{C44BBCA0-A369-49FB-A825-EEA84C241063}.AppStore|x64.Deploy.0 = Release|Any CPU
		{C44BBCA0-A369-49FB-A825-EEA84C241063}.AppStore|x86.ActiveCfg = Release|Any CPU
		{C44BBCA0-A369-49FB-A825-EEA84C241063}.AppStore|x86.Build.0 = Release|Any CPU
		{C44BBCA0-A369-49FB-A825-EEA84C241063}.AppStore|x86.Deploy.0 = Release|Any CPU
		{C44BBCA0-A369-49FB-A825-EEA84C241063}.Debug|Any CPU.ActiveCfg = Debug|Any CPU
		{C44BBCA0-A369-49FB-A825-EEA84C241063}.Debug|Any CPU.Build.0 = Debug|Any CPU
		{C44BBCA0-A369-49FB-A825-EEA84C241063}.Debug|Any CPU.Deploy.0 = Debug|Any CPU
		{C44BBCA0-A369-49FB-A825-EEA84C241063}.Debug|ARM.ActiveCfg = Debug|Any CPU
		{C44BBCA0-A369-49FB-A825-EEA84C241063}.Debug|ARM.Build.0 = Debug|Any CPU
		{C44BBCA0-A369-49FB-A825-EEA84C241063}.Debug|ARM.Deploy.0 = Debug|Any CPU
		{C44BBCA0-A369-49FB-A825-EEA84C241063}.Debug|iPhone.ActiveCfg = Debug|Any CPU
		{C44BBCA0-A369-49FB-A825-EEA84C241063}.Debug|iPhone.Build.0 = Debug|Any CPU
		{C44BBCA0-A369-49FB-A825-EEA84C241063}.Debug|iPhone.Deploy.0 = Debug|Any CPU
		{C44BBCA0-A369-49FB-A825-EEA84C241063}.Debug|iPhoneSimulator.ActiveCfg = Debug|Any CPU
		{C44BBCA0-A369-49FB-A825-EEA84C241063}.Debug|iPhoneSimulator.Build.0 = Debug|Any CPU
		{C44BBCA0-A369-49FB-A825-EEA84C241063}.Debug|iPhoneSimulator.Deploy.0 = Debug|Any CPU
		{C44BBCA0-A369-49FB-A825-EEA84C241063}.Debug|x64.ActiveCfg = Debug|Any CPU
		{C44BBCA0-A369-49FB-A825-EEA84C241063}.Debug|x64.Build.0 = Debug|Any CPU
		{C44BBCA0-A369-49FB-A825-EEA84C241063}.Debug|x64.Deploy.0 = Debug|Any CPU
		{C44BBCA0-A369-49FB-A825-EEA84C241063}.Debug|x86.ActiveCfg = Debug|Any CPU
		{C44BBCA0-A369-49FB-A825-EEA84C241063}.Debug|x86.Build.0 = Debug|Any CPU
		{C44BBCA0-A369-49FB-A825-EEA84C241063}.Debug|x86.Deploy.0 = Debug|Any CPU
		{C44BBCA0-A369-49FB-A825-EEA84C241063}.Release|Any CPU.ActiveCfg = Release|Any CPU
		{C44BBCA0-A369-49FB-A825-EEA84C241063}.Release|Any CPU.Build.0 = Release|Any CPU
		{C44BBCA0-A369-49FB-A825-EEA84C241063}.Release|Any CPU.Deploy.0 = Release|Any CPU
		{C44BBCA0-A369-49FB-A825-EEA84C241063}.Release|ARM.ActiveCfg = Release|Any CPU
		{C44BBCA0-A369-49FB-A825-EEA84C241063}.Release|ARM.Build.0 = Release|Any CPU
		{C44BBCA0-A369-49FB-A825-EEA84C241063}.Release|ARM.Deploy.0 = Release|Any CPU
		{C44BBCA0-A369-49FB-A825-EEA84C241063}.Release|iPhone.ActiveCfg = Release|Any CPU
		{C44BBCA0-A369-49FB-A825-EEA84C241063}.Release|iPhone.Build.0 = Release|Any CPU
		{C44BBCA0-A369-49FB-A825-EEA84C241063}.Release|iPhone.Deploy.0 = Release|Any CPU
		{C44BBCA0-A369-49FB-A825-EEA84C241063}.Release|iPhoneSimulator.ActiveCfg = Release|Any CPU
		{C44BBCA0-A369-49FB-A825-EEA84C241063}.Release|iPhoneSimulator.Build.0 = Release|Any CPU
		{C44BBCA0-A369-49FB-A825-EEA84C241063}.Release|iPhoneSimulator.Deploy.0 = Release|Any CPU
		{C44BBCA0-A369-49FB-A825-EEA84C241063}.Release|x64.ActiveCfg = Release|Any CPU
		{C44BBCA0-A369-49FB-A825-EEA84C241063}.Release|x64.Build.0 = Release|Any CPU
		{C44BBCA0-A369-49FB-A825-EEA84C241063}.Release|x64.Deploy.0 = Release|Any CPU
		{C44BBCA0-A369-49FB-A825-EEA84C241063}.Release|x86.ActiveCfg = Release|Any CPU
		{C44BBCA0-A369-49FB-A825-EEA84C241063}.Release|x86.Build.0 = Release|Any CPU
		{C44BBCA0-A369-49FB-A825-EEA84C241063}.Release|x86.Deploy.0 = Release|Any CPU
		{F4CE78FA-813F-4063-BDC8-E34EA5D8468F}.Ad-Hoc|Any CPU.ActiveCfg = Ad-Hoc|iPhone
		{F4CE78FA-813F-4063-BDC8-E34EA5D8468F}.Ad-Hoc|ARM.ActiveCfg = Ad-Hoc|iPhone
		{F4CE78FA-813F-4063-BDC8-E34EA5D8468F}.Ad-Hoc|iPhone.ActiveCfg = Ad-Hoc|iPhone
		{F4CE78FA-813F-4063-BDC8-E34EA5D8468F}.Ad-Hoc|iPhone.Build.0 = Ad-Hoc|iPhone
		{F4CE78FA-813F-4063-BDC8-E34EA5D8468F}.Ad-Hoc|iPhoneSimulator.ActiveCfg = Ad-Hoc|iPhoneSimulator
		{F4CE78FA-813F-4063-BDC8-E34EA5D8468F}.Ad-Hoc|iPhoneSimulator.Build.0 = Ad-Hoc|iPhoneSimulator
		{F4CE78FA-813F-4063-BDC8-E34EA5D8468F}.Ad-Hoc|x64.ActiveCfg = Ad-Hoc|iPhone
		{F4CE78FA-813F-4063-BDC8-E34EA5D8468F}.Ad-Hoc|x86.ActiveCfg = Ad-Hoc|iPhone
		{F4CE78FA-813F-4063-BDC8-E34EA5D8468F}.AppStore|Any CPU.ActiveCfg = AppStore|iPhone
		{F4CE78FA-813F-4063-BDC8-E34EA5D8468F}.AppStore|ARM.ActiveCfg = AppStore|iPhone
		{F4CE78FA-813F-4063-BDC8-E34EA5D8468F}.AppStore|iPhone.ActiveCfg = AppStore|iPhone
		{F4CE78FA-813F-4063-BDC8-E34EA5D8468F}.AppStore|iPhone.Build.0 = AppStore|iPhone
		{F4CE78FA-813F-4063-BDC8-E34EA5D8468F}.AppStore|iPhoneSimulator.ActiveCfg = AppStore|iPhoneSimulator
		{F4CE78FA-813F-4063-BDC8-E34EA5D8468F}.AppStore|iPhoneSimulator.Build.0 = AppStore|iPhoneSimulator
		{F4CE78FA-813F-4063-BDC8-E34EA5D8468F}.AppStore|x64.ActiveCfg = AppStore|iPhone
		{F4CE78FA-813F-4063-BDC8-E34EA5D8468F}.AppStore|x86.ActiveCfg = AppStore|iPhone
		{F4CE78FA-813F-4063-BDC8-E34EA5D8468F}.Debug|Any CPU.ActiveCfg = Debug|iPhone
		{F4CE78FA-813F-4063-BDC8-E34EA5D8468F}.Debug|ARM.ActiveCfg = Debug|iPhone
		{F4CE78FA-813F-4063-BDC8-E34EA5D8468F}.Debug|iPhone.ActiveCfg = Debug|iPhone
		{F4CE78FA-813F-4063-BDC8-E34EA5D8468F}.Debug|iPhone.Build.0 = Debug|iPhone
		{F4CE78FA-813F-4063-BDC8-E34EA5D8468F}.Debug|iPhoneSimulator.ActiveCfg = Debug|iPhoneSimulator
		{F4CE78FA-813F-4063-BDC8-E34EA5D8468F}.Debug|iPhoneSimulator.Build.0 = Debug|iPhoneSimulator
		{F4CE78FA-813F-4063-BDC8-E34EA5D8468F}.Debug|x64.ActiveCfg = Debug|iPhone
		{F4CE78FA-813F-4063-BDC8-E34EA5D8468F}.Debug|x86.ActiveCfg = Debug|iPhone
		{F4CE78FA-813F-4063-BDC8-E34EA5D8468F}.Release|Any CPU.ActiveCfg = Release|iPhone
		{F4CE78FA-813F-4063-BDC8-E34EA5D8468F}.Release|ARM.ActiveCfg = Release|iPhone
		{F4CE78FA-813F-4063-BDC8-E34EA5D8468F}.Release|iPhone.ActiveCfg = Release|iPhone
		{F4CE78FA-813F-4063-BDC8-E34EA5D8468F}.Release|iPhone.Build.0 = Release|iPhone
		{F4CE78FA-813F-4063-BDC8-E34EA5D8468F}.Release|iPhoneSimulator.ActiveCfg = Release|iPhoneSimulator
		{F4CE78FA-813F-4063-BDC8-E34EA5D8468F}.Release|iPhoneSimulator.Build.0 = Release|iPhoneSimulator
		{F4CE78FA-813F-4063-BDC8-E34EA5D8468F}.Release|x64.ActiveCfg = Release|iPhone
		{F4CE78FA-813F-4063-BDC8-E34EA5D8468F}.Release|x86.ActiveCfg = Release|iPhone
		{B6F19B40-4E7C-4F50-8C21-987E9EE301DF}.Ad-Hoc|Any CPU.ActiveCfg = Release|x86
		{B6F19B40-4E7C-4F50-8C21-987E9EE301DF}.Ad-Hoc|Any CPU.Build.0 = Release|x86
		{B6F19B40-4E7C-4F50-8C21-987E9EE301DF}.Ad-Hoc|Any CPU.Deploy.0 = Release|x86
		{B6F19B40-4E7C-4F50-8C21-987E9EE301DF}.Ad-Hoc|ARM.ActiveCfg = Release|ARM
		{B6F19B40-4E7C-4F50-8C21-987E9EE301DF}.Ad-Hoc|ARM.Build.0 = Release|ARM
		{B6F19B40-4E7C-4F50-8C21-987E9EE301DF}.Ad-Hoc|ARM.Deploy.0 = Release|ARM
		{B6F19B40-4E7C-4F50-8C21-987E9EE301DF}.Ad-Hoc|iPhone.ActiveCfg = Release|x86
		{B6F19B40-4E7C-4F50-8C21-987E9EE301DF}.Ad-Hoc|iPhone.Build.0 = Release|x86
		{B6F19B40-4E7C-4F50-8C21-987E9EE301DF}.Ad-Hoc|iPhone.Deploy.0 = Release|x86
		{B6F19B40-4E7C-4F50-8C21-987E9EE301DF}.Ad-Hoc|iPhoneSimulator.ActiveCfg = Release|x86
		{B6F19B40-4E7C-4F50-8C21-987E9EE301DF}.Ad-Hoc|iPhoneSimulator.Build.0 = Release|x86
		{B6F19B40-4E7C-4F50-8C21-987E9EE301DF}.Ad-Hoc|iPhoneSimulator.Deploy.0 = Release|x86
		{B6F19B40-4E7C-4F50-8C21-987E9EE301DF}.Ad-Hoc|x64.ActiveCfg = Release|x64
		{B6F19B40-4E7C-4F50-8C21-987E9EE301DF}.Ad-Hoc|x64.Build.0 = Release|x64
		{B6F19B40-4E7C-4F50-8C21-987E9EE301DF}.Ad-Hoc|x64.Deploy.0 = Release|x64
		{B6F19B40-4E7C-4F50-8C21-987E9EE301DF}.Ad-Hoc|x86.ActiveCfg = Release|x86
		{B6F19B40-4E7C-4F50-8C21-987E9EE301DF}.Ad-Hoc|x86.Build.0 = Release|x86
		{B6F19B40-4E7C-4F50-8C21-987E9EE301DF}.Ad-Hoc|x86.Deploy.0 = Release|x86
		{B6F19B40-4E7C-4F50-8C21-987E9EE301DF}.AppStore|Any CPU.ActiveCfg = Release|x86
		{B6F19B40-4E7C-4F50-8C21-987E9EE301DF}.AppStore|Any CPU.Build.0 = Release|x86
		{B6F19B40-4E7C-4F50-8C21-987E9EE301DF}.AppStore|Any CPU.Deploy.0 = Release|x86
		{B6F19B40-4E7C-4F50-8C21-987E9EE301DF}.AppStore|ARM.ActiveCfg = Release|ARM
		{B6F19B40-4E7C-4F50-8C21-987E9EE301DF}.AppStore|ARM.Build.0 = Release|ARM
		{B6F19B40-4E7C-4F50-8C21-987E9EE301DF}.AppStore|ARM.Deploy.0 = Release|ARM
		{B6F19B40-4E7C-4F50-8C21-987E9EE301DF}.AppStore|iPhone.ActiveCfg = Release|x86
		{B6F19B40-4E7C-4F50-8C21-987E9EE301DF}.AppStore|iPhone.Build.0 = Release|x86
		{B6F19B40-4E7C-4F50-8C21-987E9EE301DF}.AppStore|iPhone.Deploy.0 = Release|x86
		{B6F19B40-4E7C-4F50-8C21-987E9EE301DF}.AppStore|iPhoneSimulator.ActiveCfg = Release|x86
		{B6F19B40-4E7C-4F50-8C21-987E9EE301DF}.AppStore|iPhoneSimulator.Build.0 = Release|x86
		{B6F19B40-4E7C-4F50-8C21-987E9EE301DF}.AppStore|iPhoneSimulator.Deploy.0 = Release|x86
		{B6F19B40-4E7C-4F50-8C21-987E9EE301DF}.AppStore|x64.ActiveCfg = Release|x64
		{B6F19B40-4E7C-4F50-8C21-987E9EE301DF}.AppStore|x64.Build.0 = Release|x64
		{B6F19B40-4E7C-4F50-8C21-987E9EE301DF}.AppStore|x64.Deploy.0 = Release|x64
		{B6F19B40-4E7C-4F50-8C21-987E9EE301DF}.AppStore|x86.ActiveCfg = Release|x86
		{B6F19B40-4E7C-4F50-8C21-987E9EE301DF}.AppStore|x86.Build.0 = Release|x86
		{B6F19B40-4E7C-4F50-8C21-987E9EE301DF}.AppStore|x86.Deploy.0 = Release|x86
		{B6F19B40-4E7C-4F50-8C21-987E9EE301DF}.Debug|Any CPU.ActiveCfg = Debug|x86
		{B6F19B40-4E7C-4F50-8C21-987E9EE301DF}.Debug|ARM.ActiveCfg = Debug|ARM
		{B6F19B40-4E7C-4F50-8C21-987E9EE301DF}.Debug|ARM.Build.0 = Debug|ARM
		{B6F19B40-4E7C-4F50-8C21-987E9EE301DF}.Debug|ARM.Deploy.0 = Debug|ARM
		{B6F19B40-4E7C-4F50-8C21-987E9EE301DF}.Debug|iPhone.ActiveCfg = Debug|x86
		{B6F19B40-4E7C-4F50-8C21-987E9EE301DF}.Debug|iPhoneSimulator.ActiveCfg = Debug|x86
		{B6F19B40-4E7C-4F50-8C21-987E9EE301DF}.Debug|x64.ActiveCfg = Debug|x64
		{B6F19B40-4E7C-4F50-8C21-987E9EE301DF}.Debug|x64.Build.0 = Debug|x64
		{B6F19B40-4E7C-4F50-8C21-987E9EE301DF}.Debug|x64.Deploy.0 = Debug|x64
		{B6F19B40-4E7C-4F50-8C21-987E9EE301DF}.Debug|x86.ActiveCfg = Debug|x86
		{B6F19B40-4E7C-4F50-8C21-987E9EE301DF}.Debug|x86.Build.0 = Debug|x86
		{B6F19B40-4E7C-4F50-8C21-987E9EE301DF}.Debug|x86.Deploy.0 = Debug|x86
		{B6F19B40-4E7C-4F50-8C21-987E9EE301DF}.Release|Any CPU.ActiveCfg = Release|x86
		{B6F19B40-4E7C-4F50-8C21-987E9EE301DF}.Release|ARM.ActiveCfg = Release|ARM
		{B6F19B40-4E7C-4F50-8C21-987E9EE301DF}.Release|ARM.Build.0 = Release|ARM
		{B6F19B40-4E7C-4F50-8C21-987E9EE301DF}.Release|ARM.Deploy.0 = Release|ARM
		{B6F19B40-4E7C-4F50-8C21-987E9EE301DF}.Release|iPhone.ActiveCfg = Release|x86
		{B6F19B40-4E7C-4F50-8C21-987E9EE301DF}.Release|iPhoneSimulator.ActiveCfg = Release|x86
		{B6F19B40-4E7C-4F50-8C21-987E9EE301DF}.Release|x64.ActiveCfg = Release|x64
		{B6F19B40-4E7C-4F50-8C21-987E9EE301DF}.Release|x64.Build.0 = Release|x64
		{B6F19B40-4E7C-4F50-8C21-987E9EE301DF}.Release|x64.Deploy.0 = Release|x64
		{B6F19B40-4E7C-4F50-8C21-987E9EE301DF}.Release|x86.ActiveCfg = Release|x86
		{B6F19B40-4E7C-4F50-8C21-987E9EE301DF}.Release|x86.Build.0 = Release|x86
		{B6F19B40-4E7C-4F50-8C21-987E9EE301DF}.Release|x86.Deploy.0 = Release|x86
	EndGlobalSection
	GlobalSection(SolutionProperties) = preSolution
		HideSolutionNode = FALSE
	EndGlobalSection
	GlobalSection(ExtensibilityGlobals) = postSolution
		SolutionGuid = {B06A1458-88A5-450A-9168-160C88AE58B7}
	EndGlobalSection
EndGlobal
